
Microsoft Visual Studio Solution File, Format Version 12.00
# Visual Studio Version 16
VisualStudioVersion = 16.0.31613.86
MinimumVisualStudioVersion = 10.0.40219.1
Project("{9A19103F-16F7-4668-BE54-9A1E7A4F7556}") = "ProjectIkwambe", "ProjectIkwambeApp\ProjectIkwambe.csproj", "{82CA30F7-D61F-4B86-8B89-96C78782397B}"
EndProject
Global
	GlobalSection(SolutionConfigurationPlatforms) = preSolution
		Debug|Any CPU = Debug|Any CPU
		Release|Any CPU = Release|Any CPU
	EndGlobalSection
	GlobalSection(ProjectConfigurationPlatforms) = postSolution
		{82CA30F7-D61F-4B86-8B89-96C78782397B}.Debug|Any CPU.ActiveCfg = Debug|Any CPU
		{82CA30F7-D61F-4B86-8B89-96C78782397B}.Debug|Any CPU.Build.0 = Debug|Any CPU
		{82CA30F7-D61F-4B86-8B89-96C78782397B}.Release|Any CPU.ActiveCfg = Release|Any CPU
		{82CA30F7-D61F-4B86-8B89-96C78782397B}.Release|Any CPU.Build.0 = Release|Any CPU
	EndGlobalSection
	GlobalSection(SolutionProperties) = preSolution
		HideSolutionNode = FALSE
	EndGlobalSection
	GlobalSection(ExtensibilityGlobals) = postSolution
		SolutionGuid = {F85E14C3-3C2D-47BC-B8C3-E0124AEFC486}
	EndGlobalSection
EndGlobal
